
Microsoft Visual Studio Solution File, Format Version 11.00
# Visual C# Express 2010
Project("{FAE04EC0-301F-11D3-BF4B-00C04F79EFBC}") = "TGILib", "TGILib\TGILib.csproj", "{5216515A-D560-4B4E-985E-E13AC25931F0}"
EndProject
Project("{FAE04EC0-301F-11D3-BF4B-00C04F79EFBC}") = "SAT.Util", "SAT.Util\SAT.Util.csproj", "{2A6D1616-B9B2-4FB3-A296-B965F6D89807}"
EndProject
Project("{FAE04EC0-301F-11D3-BF4B-00C04F79EFBC}") = "SuperWebSocket.NET35", "SuperWebSocket\src\SuperWebSocket.NET35.csproj", "{2DC79E40-BB70-4F6A-B378-905F2FBC6E97}"
EndProject
Project("{FAE04EC0-301F-11D3-BF4B-00C04F79EFBC}") = "TGI2", "TGI2\TGI2.csproj", "{3D0F7157-714B-4E07-84D4-CD23AEB1BFBC}"
EndProject
Project("{FAE04EC0-301F-11D3-BF4B-00C04F79EFBC}") = "LibTest", "LibTest\LibTest.csproj", "{D4FF2041-885E-449A-8B1F-D23D10D0D6F0}"
EndProject
Project("{FAE04EC0-301F-11D3-BF4B-00C04F79EFBC}") = "ColorMapTest", "ColorMapTest\ColorMapTest.csproj", "{79ED0E30-24BC-47FA-8ABA-F751EFC133AE}"
EndProject
Project("{FAE04EC0-301F-11D3-BF4B-00C04F79EFBC}") = "ParalelTest", "ParalelTest\ParalelTest.csproj", "{7588C64F-A636-47B2-93EE-3DD0C624D60E}"
EndProject
Global
	GlobalSection(SolutionConfigurationPlatforms) = preSolution
		Backup|Any CPU = Backup|Any CPU
		Backup|Mixed Platforms = Backup|Mixed Platforms
		Backup|x86 = Backup|x86
		Config|Any CPU = Config|Any CPU
		Config|Mixed Platforms = Config|Mixed Platforms
		Config|x86 = Config|x86
		DaikokuListenerTest|Any CPU = DaikokuListenerTest|Any CPU
		DaikokuListenerTest|Mixed Platforms = DaikokuListenerTest|Mixed Platforms
		DaikokuListenerTest|x86 = DaikokuListenerTest|x86
		Debug|Any CPU = Debug|Any CPU
		Debug|Mixed Platforms = Debug|Mixed Platforms
		Debug|x86 = Debug|x86
		Release|Any CPU = Release|Any CPU
		Release|Mixed Platforms = Release|Mixed Platforms
		Release|x86 = Release|x86
	EndGlobalSection
	GlobalSection(ProjectConfigurationPlatforms) = postSolution
		{5216515A-D560-4B4E-985E-E13AC25931F0}.Backup|Any CPU.ActiveCfg = Release|x86
		{5216515A-D560-4B4E-985E-E13AC25931F0}.Backup|Mixed Platforms.ActiveCfg = Release|x86
		{5216515A-D560-4B4E-985E-E13AC25931F0}.Backup|Mixed Platforms.Build.0 = Release|x86
		{5216515A-D560-4B4E-985E-E13AC25931F0}.Backup|x86.ActiveCfg = Release|x86
		{5216515A-D560-4B4E-985E-E13AC25931F0}.Backup|x86.Build.0 = Release|x86
		{5216515A-D560-4B4E-985E-E13AC25931F0}.Config|Any CPU.ActiveCfg = Release|x86
		{5216515A-D560-4B4E-985E-E13AC25931F0}.Config|Mixed Platforms.ActiveCfg = Release|x86
		{5216515A-D560-4B4E-985E-E13AC25931F0}.Config|Mixed Platforms.Build.0 = Release|x86
		{5216515A-D560-4B4E-985E-E13AC25931F0}.Config|x86.ActiveCfg = Release|x86
		{5216515A-D560-4B4E-985E-E13AC25931F0}.Config|x86.Build.0 = Release|x86
		{5216515A-D560-4B4E-985E-E13AC25931F0}.DaikokuListenerTest|Any CPU.ActiveCfg = Debug|x86
		{5216515A-D560-4B4E-985E-E13AC25931F0}.DaikokuListenerTest|Mixed Platforms.ActiveCfg = Debug|x86
		{5216515A-D560-4B4E-985E-E13AC25931F0}.DaikokuListenerTest|Mixed Platforms.Build.0 = Debug|x86
		{5216515A-D560-4B4E-985E-E13AC25931F0}.DaikokuListenerTest|x86.ActiveCfg = Debug|x86
		{5216515A-D560-4B4E-985E-E13AC25931F0}.DaikokuListenerTest|x86.Build.0 = Debug|x86
		{5216515A-D560-4B4E-985E-E13AC25931F0}.Debug|Any CPU.ActiveCfg = Debug|Any CPU
		{5216515A-D560-4B4E-985E-E13AC25931F0}.Debug|Any CPU.Build.0 = Debug|Any CPU
		{5216515A-D560-4B4E-985E-E13AC25931F0}.Debug|Mixed Platforms.ActiveCfg = Debug|x86
		{5216515A-D560-4B4E-985E-E13AC25931F0}.Debug|Mixed Platforms.Build.0 = Debug|x86
		{5216515A-D560-4B4E-985E-E13AC25931F0}.Debug|x86.ActiveCfg = Debug|x86
		{5216515A-D560-4B4E-985E-E13AC25931F0}.Debug|x86.Build.0 = Debug|x86
		{5216515A-D560-4B4E-985E-E13AC25931F0}.Release|Any CPU.ActiveCfg = Release|Any CPU
		{5216515A-D560-4B4E-985E-E13AC25931F0}.Release|Any CPU.Build.0 = Release|Any CPU
		{5216515A-D560-4B4E-985E-E13AC25931F0}.Release|Mixed Platforms.ActiveCfg = Release|x86
		{5216515A-D560-4B4E-985E-E13AC25931F0}.Release|Mixed Platforms.Build.0 = Release|x86
		{5216515A-D560-4B4E-985E-E13AC25931F0}.Release|x86.ActiveCfg = Release|x86
		{5216515A-D560-4B4E-985E-E13AC25931F0}.Release|x86.Build.0 = Release|x86
		{2A6D1616-B9B2-4FB3-A296-B965F6D89807}.Backup|Any CPU.ActiveCfg = Backup|Any CPU
		{2A6D1616-B9B2-4FB3-A296-B965F6D89807}.Backup|Any CPU.Build.0 = Backup|Any CPU
		{2A6D1616-B9B2-4FB3-A296-B965F6D89807}.Backup|Mixed Platforms.ActiveCfg = Backup|x86
		{2A6D1616-B9B2-4FB3-A296-B965F6D89807}.Backup|Mixed Platforms.Build.0 = Backup|x86
		{2A6D1616-B9B2-4FB3-A296-B965F6D89807}.Backup|x86.ActiveCfg = Backup|x86
		{2A6D1616-B9B2-4FB3-A296-B965F6D89807}.Backup|x86.Build.0 = Backup|x86
		{2A6D1616-B9B2-4FB3-A296-B965F6D89807}.Config|Any CPU.ActiveCfg = Config|Any CPU
		{2A6D1616-B9B2-4FB3-A296-B965F6D89807}.Config|Any CPU.Build.0 = Config|Any CPU
		{2A6D1616-B9B2-4FB3-A296-B965F6D89807}.Config|Mixed Platforms.ActiveCfg = Config|x86
		{2A6D1616-B9B2-4FB3-A296-B965F6D89807}.Config|Mixed Platforms.Build.0 = Config|x86
		{2A6D1616-B9B2-4FB3-A296-B965F6D89807}.Config|x86.ActiveCfg = Config|x86
		{2A6D1616-B9B2-4FB3-A296-B965F6D89807}.Config|x86.Build.0 = Config|x86
		{2A6D1616-B9B2-4FB3-A296-B965F6D89807}.DaikokuListenerTest|Any CPU.ActiveCfg = DaikokuListenerTest|Any CPU
		{2A6D1616-B9B2-4FB3-A296-B965F6D89807}.DaikokuListenerTest|Any CPU.Build.0 = DaikokuListenerTest|Any CPU
		{2A6D1616-B9B2-4FB3-A296-B965F6D89807}.DaikokuListenerTest|Mixed Platforms.ActiveCfg = DaikokuListenerTest|x86
		{2A6D1616-B9B2-4FB3-A296-B965F6D89807}.DaikokuListenerTest|Mixed Platforms.Build.0 = DaikokuListenerTest|x86
		{2A6D1616-B9B2-4FB3-A296-B965F6D89807}.DaikokuListenerTest|x86.ActiveCfg = DaikokuListenerTest|x86
		{2A6D1616-B9B2-4FB3-A296-B965F6D89807}.DaikokuListenerTest|x86.Build.0 = DaikokuListenerTest|x86
		{2A6D1616-B9B2-4FB3-A296-B965F6D89807}.Debug|Any CPU.ActiveCfg = Debug|Any CPU
		{2A6D1616-B9B2-4FB3-A296-B965F6D89807}.Debug|Any CPU.Build.0 = Debug|Any CPU
		{2A6D1616-B9B2-4FB3-A296-B965F6D89807}.Debug|Mixed Platforms.ActiveCfg = Debug|x86
		{2A6D1616-B9B2-4FB3-A296-B965F6D89807}.Debug|Mixed Platforms.Build.0 = Debug|x86
		{2A6D1616-B9B2-4FB3-A296-B965F6D89807}.Debug|x86.ActiveCfg = Debug|x86
		{2A6D1616-B9B2-4FB3-A296-B965F6D89807}.Debug|x86.Build.0 = Debug|x86
		{2A6D1616-B9B2-4FB3-A296-B965F6D89807}.Release|Any CPU.ActiveCfg = Release|Any CPU
		{2A6D1616-B9B2-4FB3-A296-B965F6D89807}.Release|Any CPU.Build.0 = Release|Any CPU
		{2A6D1616-B9B2-4FB3-A296-B965F6D89807}.Release|Mixed Platforms.ActiveCfg = Release|x86
		{2A6D1616-B9B2-4FB3-A296-B965F6D89807}.Release|Mixed Platforms.Build.0 = Release|x86
		{2A6D1616-B9B2-4FB3-A296-B965F6D89807}.Release|x86.ActiveCfg = Release|x86
		{2A6D1616-B9B2-4FB3-A296-B965F6D89807}.Release|x86.Build.0 = Release|x86
		{2DC79E40-BB70-4F6A-B378-905F2FBC6E97}.Backup|Any CPU.ActiveCfg = Release|Any CPU
		{2DC79E40-BB70-4F6A-B378-905F2FBC6E97}.Backup|Any CPU.Build.0 = Release|Any CPU
		{2DC79E40-BB70-4F6A-B378-905F2FBC6E97}.Backup|Mixed Platforms.ActiveCfg = Release|Any CPU
		{2DC79E40-BB70-4F6A-B378-905F2FBC6E97}.Backup|Mixed Platforms.Build.0 = Release|Any CPU
		{2DC79E40-BB70-4F6A-B378-905F2FBC6E97}.Backup|x86.ActiveCfg = Release|Any CPU
		{2DC79E40-BB70-4F6A-B378-905F2FBC6E97}.Config|Any CPU.ActiveCfg = Release|Any CPU
		{2DC79E40-BB70-4F6A-B378-905F2FBC6E97}.Config|Any CPU.Build.0 = Release|Any CPU
		{2DC79E40-BB70-4F6A-B378-905F2FBC6E97}.Config|Mixed Platforms.ActiveCfg = Release|Any CPU
		{2DC79E40-BB70-4F6A-B378-905F2FBC6E97}.Config|Mixed Platforms.Build.0 = Release|Any CPU
		{2DC79E40-BB70-4F6A-B378-905F2FBC6E97}.Config|x86.ActiveCfg = Release|Any CPU
		{2DC79E40-BB70-4F6A-B378-905F2FBC6E97}.DaikokuListenerTest|Any CPU.ActiveCfg = Debug|Any CPU
		{2DC79E40-BB70-4F6A-B378-905F2FBC6E97}.DaikokuListenerTest|Any CPU.Build.0 = Debug|Any CPU
		{2DC79E40-BB70-4F6A-B378-905F2FBC6E97}.DaikokuListenerTest|Mixed Platforms.ActiveCfg = Debug|Any CPU
		{2DC79E40-BB70-4F6A-B378-905F2FBC6E97}.DaikokuListenerTest|Mixed Platforms.Build.0 = Debug|Any CPU
		{2DC79E40-BB70-4F6A-B378-905F2FBC6E97}.DaikokuListenerTest|x86.ActiveCfg = Debug|Any CPU
		{2DC79E40-BB70-4F6A-B378-905F2FBC6E97}.Debug|Any CPU.ActiveCfg = Debug|Any CPU
		{2DC79E40-BB70-4F6A-B378-905F2FBC6E97}.Debug|Any CPU.Build.0 = Debug|Any CPU
		{2DC79E40-BB70-4F6A-B378-905F2FBC6E97}.Debug|Mixed Platforms.ActiveCfg = Debug|Any CPU
		{2DC79E40-BB70-4F6A-B378-905F2FBC6E97}.Debug|Mixed Platforms.Build.0 = Debug|Any CPU
		{2DC79E40-BB70-4F6A-B378-905F2FBC6E97}.Debug|x86.ActiveCfg = Debug|Any CPU
		{2DC79E40-BB70-4F6A-B378-905F2FBC6E97}.Release|Any CPU.ActiveCfg = Release|Any CPU
		{2DC79E40-BB70-4F6A-B378-905F2FBC6E97}.Release|Any CPU.Build.0 = Release|Any CPU
		{2DC79E40-BB70-4F6A-B378-905F2FBC6E97}.Release|Mixed Platforms.ActiveCfg = Release|Any CPU
		{2DC79E40-BB70-4F6A-B378-905F2FBC6E97}.Release|Mixed Platforms.Build.0 = Release|Any CPU
		{2DC79E40-BB70-4F6A-B378-905F2FBC6E97}.Release|x86.ActiveCfg = Release|Any CPU
		{3D0F7157-714B-4E07-84D4-CD23AEB1BFBC}.Backup|Any CPU.ActiveCfg = Release|x86
		{3D0F7157-714B-4E07-84D4-CD23AEB1BFBC}.Backup|Mixed Platforms.ActiveCfg = Release|x86
		{3D0F7157-714B-4E07-84D4-CD23AEB1BFBC}.Backup|Mixed Platforms.Build.0 = Release|x86
		{3D0F7157-714B-4E07-84D4-CD23AEB1BFBC}.Backup|x86.ActiveCfg = Release|x86
		{3D0F7157-714B-4E07-84D4-CD23AEB1BFBC}.Backup|x86.Build.0 = Release|x86
		{3D0F7157-714B-4E07-84D4-CD23AEB1BFBC}.Config|Any CPU.ActiveCfg = Release|x86
		{3D0F7157-714B-4E07-84D4-CD23AEB1BFBC}.Config|Mixed Platforms.ActiveCfg = Release|x86
		{3D0F7157-714B-4E07-84D4-CD23AEB1BFBC}.Config|Mixed Platforms.Build.0 = Release|x86
		{3D0F7157-714B-4E07-84D4-CD23AEB1BFBC}.Config|x86.ActiveCfg = Release|x86
		{3D0F7157-714B-4E07-84D4-CD23AEB1BFBC}.Config|x86.Build.0 = Release|x86
		{3D0F7157-714B-4E07-84D4-CD23AEB1BFBC}.DaikokuListenerTest|Any CPU.ActiveCfg = Debug|x86
		{3D0F7157-714B-4E07-84D4-CD23AEB1BFBC}.DaikokuListenerTest|Mixed Platforms.ActiveCfg = Debug|x86
		{3D0F7157-714B-4E07-84D4-CD23AEB1BFBC}.DaikokuListenerTest|Mixed Platforms.Build.0 = Debug|x86
		{3D0F7157-714B-4E07-84D4-CD23AEB1BFBC}.DaikokuListenerTest|x86.ActiveCfg = Debug|x86
		{3D0F7157-714B-4E07-84D4-CD23AEB1BFBC}.DaikokuListenerTest|x86.Build.0 = Debug|x86
		{3D0F7157-714B-4E07-84D4-CD23AEB1BFBC}.Debug|Any CPU.ActiveCfg = Debug|Any CPU
		{3D0F7157-714B-4E07-84D4-CD23AEB1BFBC}.Debug|Any CPU.Build.0 = Debug|Any CPU
		{3D0F7157-714B-4E07-84D4-CD23AEB1BFBC}.Debug|Mixed Platforms.ActiveCfg = Debug|x86
		{3D0F7157-714B-4E07-84D4-CD23AEB1BFBC}.Debug|Mixed Platforms.Build.0 = Debug|x86
		{3D0F7157-714B-4E07-84D4-CD23AEB1BFBC}.Debug|x86.ActiveCfg = Debug|x86
		{3D0F7157-714B-4E07-84D4-CD23AEB1BFBC}.Debug|x86.Build.0 = Debug|x86
		{3D0F7157-714B-4E07-84D4-CD23AEB1BFBC}.Release|Any CPU.ActiveCfg = Release|Any CPU
		{3D0F7157-714B-4E07-84D4-CD23AEB1BFBC}.Release|Any CPU.Build.0 = Release|Any CPU
		{3D0F7157-714B-4E07-84D4-CD23AEB1BFBC}.Release|Mixed Platforms.ActiveCfg = Release|x86
		{3D0F7157-714B-4E07-84D4-CD23AEB1BFBC}.Release|Mixed Platforms.Build.0 = Release|x86
		{3D0F7157-714B-4E07-84D4-CD23AEB1BFBC}.Release|x86.ActiveCfg = Release|x86
		{3D0F7157-714B-4E07-84D4-CD23AEB1BFBC}.Release|x86.Build.0 = Release|x86
		{D4FF2041-885E-449A-8B1F-D23D10D0D6F0}.Backup|Any CPU.ActiveCfg = Release|x86
		{D4FF2041-885E-449A-8B1F-D23D10D0D6F0}.Backup|Mixed Platforms.ActiveCfg = Release|x86
		{D4FF2041-885E-449A-8B1F-D23D10D0D6F0}.Backup|Mixed Platforms.Build.0 = Release|x86
		{D4FF2041-885E-449A-8B1F-D23D10D0D6F0}.Backup|x86.ActiveCfg = Release|x86
		{D4FF2041-885E-449A-8B1F-D23D10D0D6F0}.Backup|x86.Build.0 = Release|x86
		{D4FF2041-885E-449A-8B1F-D23D10D0D6F0}.Config|Any CPU.ActiveCfg = Release|x86
		{D4FF2041-885E-449A-8B1F-D23D10D0D6F0}.Config|Mixed Platforms.ActiveCfg = Release|x86
		{D4FF2041-885E-449A-8B1F-D23D10D0D6F0}.Config|Mixed Platforms.Build.0 = Release|x86
		{D4FF2041-885E-449A-8B1F-D23D10D0D6F0}.Config|x86.ActiveCfg = Release|x86
		{D4FF2041-885E-449A-8B1F-D23D10D0D6F0}.Config|x86.Build.0 = Release|x86
		{D4FF2041-885E-449A-8B1F-D23D10D0D6F0}.DaikokuListenerTest|Any CPU.ActiveCfg = Debug|x86
		{D4FF2041-885E-449A-8B1F-D23D10D0D6F0}.DaikokuListenerTest|Mixed Platforms.ActiveCfg = Debug|x86
		{D4FF2041-885E-449A-8B1F-D23D10D0D6F0}.DaikokuListenerTest|Mixed Platforms.Build.0 = Debug|x86
		{D4FF2041-885E-449A-8B1F-D23D10D0D6F0}.DaikokuListenerTest|x86.ActiveCfg = Debug|x86
		{D4FF2041-885E-449A-8B1F-D23D10D0D6F0}.DaikokuListenerTest|x86.Build.0 = Debug|x86
		{D4FF2041-885E-449A-8B1F-D23D10D0D6F0}.Debug|Any CPU.ActiveCfg = Debug|x86
		{D4FF2041-885E-449A-8B1F-D23D10D0D6F0}.Debug|Mixed Platforms.ActiveCfg = Debug|x86
		{D4FF2041-885E-449A-8B1F-D23D10D0D6F0}.Debug|Mixed Platforms.Build.0 = Debug|x86
		{D4FF2041-885E-449A-8B1F-D23D10D0D6F0}.Debug|x86.ActiveCfg = Debug|x86
		{D4FF2041-885E-449A-8B1F-D23D10D0D6F0}.Debug|x86.Build.0 = Debug|x86
		{D4FF2041-885E-449A-8B1F-D23D10D0D6F0}.Release|Any CPU.ActiveCfg = Release|x86
		{D4FF2041-885E-449A-8B1F-D23D10D0D6F0}.Release|Mixed Platforms.ActiveCfg = Release|x86
		{D4FF2041-885E-449A-8B1F-D23D10D0D6F0}.Release|Mixed Platforms.Build.0 = Release|x86
		{D4FF2041-885E-449A-8B1F-D23D10D0D6F0}.Release|x86.ActiveCfg = Release|x86
		{D4FF2041-885E-449A-8B1F-D23D10D0D6F0}.Release|x86.Build.0 = Release|x86
		{79ED0E30-24BC-47FA-8ABA-F751EFC133AE}.Backup|Any CPU.ActiveCfg = Release|x86
		{79ED0E30-24BC-47FA-8ABA-F751EFC133AE}.Backup|Mixed Platforms.ActiveCfg = Release|x86
		{79ED0E30-24BC-47FA-8ABA-F751EFC133AE}.Backup|Mixed Platforms.Build.0 = Release|x86
		{79ED0E30-24BC-47FA-8ABA-F751EFC133AE}.Backup|x86.ActiveCfg = Release|x86
		{79ED0E30-24BC-47FA-8ABA-F751EFC133AE}.Backup|x86.Build.0 = Release|x86
		{79ED0E30-24BC-47FA-8ABA-F751EFC133AE}.Config|Any CPU.ActiveCfg = Release|x86
		{79ED0E30-24BC-47FA-8ABA-F751EFC133AE}.Config|Mixed Platforms.ActiveCfg = Release|x86
		{79ED0E30-24BC-47FA-8ABA-F751EFC133AE}.Config|Mixed Platforms.Build.0 = Release|x86
		{79ED0E30-24BC-47FA-8ABA-F751EFC133AE}.Config|x86.ActiveCfg = Release|x86
		{79ED0E30-24BC-47FA-8ABA-F751EFC133AE}.Config|x86.Build.0 = Release|x86
		{79ED0E30-24BC-47FA-8ABA-F751EFC133AE}.DaikokuListenerTest|Any CPU.ActiveCfg = Debug|x86
		{79ED0E30-24BC-47FA-8ABA-F751EFC133AE}.DaikokuListenerTest|Mixed Platforms.ActiveCfg = Debug|x86
		{79ED0E30-24BC-47FA-8ABA-F751EFC133AE}.DaikokuListenerTest|Mixed Platforms.Build.0 = Debug|x86
		{79ED0E30-24BC-47FA-8ABA-F751EFC133AE}.DaikokuListenerTest|x86.ActiveCfg = Debug|x86
		{79ED0E30-24BC-47FA-8ABA-F751EFC133AE}.DaikokuListenerTest|x86.Build.0 = Debug|x86
		{79ED0E30-24BC-47FA-8ABA-F751EFC133AE}.Debug|Any CPU.ActiveCfg = Debug|x86
		{79ED0E30-24BC-47FA-8ABA-F751EFC133AE}.Debug|Mixed Platforms.ActiveCfg = Debug|x86
		{79ED0E30-24BC-47FA-8ABA-F751EFC133AE}.Debug|Mixed Platforms.Build.0 = Debug|x86
		{79ED0E30-24BC-47FA-8ABA-F751EFC133AE}.Debug|x86.ActiveCfg = Debug|x86
		{79ED0E30-24BC-47FA-8ABA-F751EFC133AE}.Debug|x86.Build.0 = Debug|x86
		{79ED0E30-24BC-47FA-8ABA-F751EFC133AE}.Release|Any CPU.ActiveCfg = Release|x86
		{79ED0E30-24BC-47FA-8ABA-F751EFC133AE}.Release|Mixed Platforms.ActiveCfg = Release|x86
		{79ED0E30-24BC-47FA-8ABA-F751EFC133AE}.Release|Mixed Platforms.Build.0 = Release|x86
		{79ED0E30-24BC-47FA-8ABA-F751EFC133AE}.Release|x86.ActiveCfg = Release|x86
		{79ED0E30-24BC-47FA-8ABA-F751EFC133AE}.Release|x86.Build.0 = Release|x86
		{7588C64F-A636-47B2-93EE-3DD0C624D60E}.Backup|Any CPU.ActiveCfg = Release|x86
		{7588C64F-A636-47B2-93EE-3DD0C624D60E}.Backup|Mixed Platforms.ActiveCfg = Release|x86
		{7588C64F-A636-47B2-93EE-3DD0C624D60E}.Backup|Mixed Platforms.Build.0 = Release|x86
		{7588C64F-A636-47B2-93EE-3DD0C624D60E}.Backup|x86.ActiveCfg = Release|x86
		{7588C64F-A636-47B2-93EE-3DD0C624D60E}.Backup|x86.Build.0 = Release|x86
		{7588C64F-A636-47B2-93EE-3DD0C624D60E}.Config|Any CPU.ActiveCfg = Release|x86
		{7588C64F-A636-47B2-93EE-3DD0C624D60E}.Config|Mixed Platforms.ActiveCfg = Release|x86
		{7588C64F-A636-47B2-93EE-3DD0C624D60E}.Config|Mixed Platforms.Build.0 = Release|x86
		{7588C64F-A636-47B2-93EE-3DD0C624D60E}.Config|x86.ActiveCfg = Release|x86
		{7588C64F-A636-47B2-93EE-3DD0C624D60E}.Config|x86.Build.0 = Release|x86
		{7588C64F-A636-47B2-93EE-3DD0C624D60E}.DaikokuListenerTest|Any CPU.ActiveCfg = Debug|x86
		{7588C64F-A636-47B2-93EE-3DD0C624D60E}.DaikokuListenerTest|Mixed Platforms.ActiveCfg = Debug|x86
		{7588C64F-A636-47B2-93EE-3DD0C624D60E}.DaikokuListenerTest|Mixed Platforms.Build.0 = Debug|x86
		{7588C64F-A636-47B2-93EE-3DD0C624D60E}.DaikokuListenerTest|x86.ActiveCfg = Debug|x86
		{7588C64F-A636-47B2-93EE-3DD0C624D60E}.DaikokuListenerTest|x86.Build.0 = Debug|x86
		{7588C64F-A636-47B2-93EE-3DD0C624D60E}.Debug|Any CPU.ActiveCfg = Debug|x86
		{7588C64F-A636-47B2-93EE-3DD0C624D60E}.Debug|Mixed Platforms.ActiveCfg = Debug|x86
		{7588C64F-A636-47B2-93EE-3DD0C624D60E}.Debug|Mixed Platforms.Build.0 = Debug|x86
		{7588C64F-A636-47B2-93EE-3DD0C624D60E}.Debug|x86.ActiveCfg = Debug|x86
		{7588C64F-A636-47B2-93EE-3DD0C624D60E}.Debug|x86.Build.0 = Debug|x86
		{7588C64F-A636-47B2-93EE-3DD0C624D60E}.Release|Any CPU.ActiveCfg = Release|x86
		{7588C64F-A636-47B2-93EE-3DD0C624D60E}.Release|Mixed Platforms.ActiveCfg = Release|x86
		{7588C64F-A636-47B2-93EE-3DD0C624D60E}.Release|Mixed Platforms.Build.0 = Release|x86
		{7588C64F-A636-47B2-93EE-3DD0C624D60E}.Release|x86.ActiveCfg = Release|x86
		{7588C64F-A636-47B2-93EE-3DD0C624D60E}.Release|x86.Build.0 = Release|x86
	EndGlobalSection
	GlobalSection(SolutionProperties) = preSolution
		HideSolutionNode = FALSE
	EndGlobalSection
EndGlobal
